
Microsoft Visual Studio Solution File, Format Version 12.00
# Visual Studio Version 17
VisualStudioVersion = 17.12.35707.178
MinimumVisualStudioVersion = 10.0.40219.1
Project("{9A19103F-16F7-4668-BE54-9A1E7A4F7556}") = "NumberCruncherServer", "NumberCruncherServer\NumberCruncherServer.csproj", "{B19AFC7C-7711-4EC2-94A8-A440B7A80096}"
EndProject
Project("{FAE04EC0-301F-11D3-BF4B-00C04F79EFBC}") = "NumberCruncherClient", "..\..\..\..\OneDrive\Documents\Projects\NumberCruncher-main\NumberCruncherClient\NumberCruncherClient\NumberCruncherClient.csproj", "{D444B818-EF47-189B-3E77-DA3AB1F38108}"
EndProject
Global
	GlobalSection(SolutionConfigurationPlatforms) = preSolution
		Debug|Any CPU = Debug|Any CPU
		Release|Any CPU = Release|Any CPU
	EndGlobalSection
	GlobalSection(ProjectConfigurationPlatforms) = postSolution
		{B19AFC7C-7711-4EC2-94A8-A440B7A80096}.Debug|Any CPU.ActiveCfg = Debug|Any CPU
		{B19AFC7C-7711-4EC2-94A8-A440B7A80096}.Debug|Any CPU.Build.0 = Debug|Any CPU
		{B19AFC7C-7711-4EC2-94A8-A440B7A80096}.Release|Any CPU.ActiveCfg = Release|Any CPU
		{B19AFC7C-7711-4EC2-94A8-A440B7A80096}.Release|Any CPU.Build.0 = Release|Any CPU
		{D444B818-EF47-189B-3E77-DA3AB1F38108}.Debug|Any CPU.ActiveCfg = Debug|Any CPU
		{D444B818-EF47-189B-3E77-DA3AB1F38108}.Debug|Any CPU.Build.0 = Debug|Any CPU
		{D444B818-EF47-189B-3E77-DA3AB1F38108}.Release|Any CPU.ActiveCfg = Release|Any CPU
		{D444B818-EF47-189B-3E77-DA3AB1F38108}.Release|Any CPU.Build.0 = Release|Any CPU
	EndGlobalSection
	GlobalSection(SolutionProperties) = preSolution
		HideSolutionNode = FALSE
	EndGlobalSection
	GlobalSection(ExtensibilityGlobals) = postSolution
		SolutionGuid = {33871FFF-9952-4DF2-8F63-F7FBFDD178CE}
	EndGlobalSection
EndGlobal
